// !$*UTF8*$!
{
	archiveVersion = 1;
	classes = {
	};
	objectVersion = 50;
	objects = {

/* Begin PBXBuildFile section */
		EEBAF4D026447AD000FE1B66 /* AppDelegate.swift in Sources */ = {isa = PBXBuildFile; fileRef = EEBAF4CF26447AD000FE1B66 /* AppDelegate.swift */; };
		EEBAF4D226447AD000FE1B66 /* SceneDelegate.swift in Sources */ = {isa = PBXBuildFile; fileRef = EEBAF4D126447AD000FE1B66 /* SceneDelegate.swift */; };
		EEBAF4D426447AD000FE1B66 /* ViewController.swift in Sources */ = {isa = PBXBuildFile; fileRef = EEBAF4D326447AD000FE1B66 /* ViewController.swift */; };
		EEBAF4D726447AD000FE1B66 /* Main.storyboard in Resources */ = {isa = PBXBuildFile; fileRef = EEBAF4D526447AD000FE1B66 /* Main.storyboard */; };
		EEBAF4D926447AD100FE1B66 /* Assets.xcassets in Resources */ = {isa = PBXBuildFile; fileRef = EEBAF4D826447AD100FE1B66 /* Assets.xcassets */; };
		EEBAF4DC26447AD100FE1B66 /* LaunchScreen.storyboard in Resources */ = {isa = PBXBuildFile; fileRef = EEBAF4DA26447AD100FE1B66 /* LaunchScreen.storyboard */; };
/* End PBXBuildFile section */

/* Begin PBXFileReference section */
		EEBAF4CC26447AD000FE1B66 /* RGBtoHEXConventer.app */ = {isa = PBXFileReference; explicitFileType = wrapper.application; includeInIndex = 0; path = RGBtoHEXConventer.app; sourceTree = BUILT_PRODUCTS_DIR; };
		EEBAF4CF26447AD000FE1B66 /* AppDelegate.swift */ = {isa = PBXFileReference; lastKnownFileType = sourcecode.swift; path = AppDelegate.swift; sourceTree = "<group>"; };
		EEBAF4D126447AD000FE1B66 /* SceneDelegate.swift */ = {isa = PBXFileReference; lastKnownFileType = sourcecode.swift; path = SceneDelegate.swift; sourceTree = "<group>"; };
		EEBAF4D326447AD000FE1B66 /* ViewController.swift */ = {isa = PBXFileReference; lastKnownFileType = sourcecode.swift; path = ViewController.swift; sourceTree = "<group>"; };
		EEBAF4D626447AD000FE1B66 /* Base */ = {isa = PBXFileReference; lastKnownFileType = file.storyboard; name = Base; path = Base.lproj/Main.storyboard; sourceTree = "<group>"; };
		EEBAF4D826447AD100FE1B66 /* Assets.xcassets */ = {isa = PBXFileReference; lastKnownFileType = folder.assetcatalog; path = Assets.xcassets; sourceTree = "<group>"; };
		EEBAF4DB26447AD100FE1B66 /* Base */ = {isa = PBXFileReference; lastKnownFileType = file.storyboard; name = Base; path = Base.lproj/LaunchScreen.storyboard; sourceTree = "<group>"; };
		EEBAF4DD26447AD100FE1B66 /* Info.plist */ = {isa = PBXFileReference; lastKnownFileType = text.plist.xml; path = Info.plist; sourceTree = "<group>"; };
/* End PBXFileReference section */

/* Begin PBXFrameworksBuildPhase section */
		EEBAF4C926447AD000FE1B66 /* Frameworks */ = {
			isa = PBXFrameworksBuildPhase;
			buildActionMask = 2147483647;
			files = (
			);
			runOnlyForDeploymentPostprocessing = 0;
		};
/* End PBXFrameworksBuildPhase section */

/* Begin PBXGroup section */
		EEBAF4C326447AD000FE1B66 = {
			isa = PBXGroup;
			children = (
				EEBAF4CE26447AD000FE1B66 /* RGBtoHEXConventer */,
				EEBAF4CD26447AD000FE1B66 /* Products */,
			);
			sourceTree = "<group>";
		};
		EEBAF4CD26447AD000FE1B66 /* Products */ = {
			isa = PBXGroup;
			children = (
				EEBAF4CC26447AD000FE1B66 /* RGBtoHEXConventer.app */,
			);
			name = Products;
			sourceTree = "<group>";
		};
		EEBAF4CE26447AD000FE1B66 /* RGBtoHEXConventer */ = {
			isa = PBXGroup;
			children = (
				EEBAF4CF26447AD000FE1B66 /* AppDelegate.swift */,
				EEBAF4D126447AD000FE1B66 /* SceneDelegate.swift */,
				EEBAF4D326447AD000FE1B66 /* ViewController.swift */,
				EEBAF4D526447AD000FE1B66 /* Main.storyboard */,
				EEBAF4D826447AD100FE1B66 /* Assets.xcassets */,
				EEBAF4DA26447AD100FE1B66 /* LaunchScreen.storyboard */,
				EEBAF4DD26447AD100FE1B66 /* Info.plist */,
			);
			path = RGBtoHEXConventer;
			sourceTree = "<group>";
		};
/* End PBXGroup section */

/* Begin PBXNativeTarget section */
		EEBAF4CB26447AD000FE1B66 /* RGBtoHEXConventer */ = {
			isa = PBXNativeTarget;
			buildConfigurationList = EEBAF4E026447AD100FE1B66 /* Build configuration list for PBXNativeTarget "RGBtoHEXConventer" */;
			buildPhases = (
				EEBAF4C826447AD000FE1B66 /* Sources */,
				EEBAF4C926447AD000FE1B66 /* Frameworks */,
				EEBAF4CA26447AD000FE1B66 /* Resources */,
			);
			buildRules = (
			);
			dependencies = (
			);
			name = RGBtoHEXConventer;
			productName = RGBtoHEXConventer;
			productReference = EEBAF4CC26447AD000FE1B66 /* RGBtoHEXConventer.app */;
			productType = "com.apple.product-type.application";
		};
/* End PBXNativeTarget section */

/* Begin PBXProject section */
		EEBAF4C426447AD000FE1B66 /* Project object */ = {
			isa = PBXProject;
			attributes = {
				LastSwiftUpdateCheck = 1240;
				LastUpgradeCheck = 1240;
				TargetAttributes = {
					EEBAF4CB26447AD000FE1B66 = {
						CreatedOnToolsVersion = 12.4;
					};
				};
			};
			buildConfigurationList = EEBAF4C726447AD000FE1B66 /* Build configuration list for PBXProject "RGBtoHEXConventer" */;
			compatibilityVersion = "Xcode 9.3";
			developmentRegion = en;
			hasScannedForEncodings = 0;
			knownRegions = (
				en,
				Base,
			);
			mainGroup = EEBAF4C326447AD000FE1B66;
			productRefGroup = EEBAF4CD26447AD000FE1B66 /* Products */;
			projectDirPath = "";
			projectRoot = "";
			targets = (
				EEBAF4CB26447AD000FE1B66 /* RGBtoHEXConventer */,
			);
		};
/* End PBXProject section */

/* Begin PBXResourcesBuildPhase section */
		EEBAF4CA26447AD000FE1B66 /* Resources */ = {
			isa = PBXResourcesBuildPhase;
			buildActionMask = 2147483647;
			files = (
				EEBAF4DC26447AD100FE1B66 /* LaunchScreen.storyboard in Resources */,
				EEBAF4D926447AD100FE1B66 /* Assets.xcassets in Resources */,
				EEBAF4D726447AD000FE1B66 /* Main.storyboard in Resources */,
			);
			runOnlyForDeploymentPostprocessing = 0;
		};
/* End PBXResourcesBuildPhase section */

/* Begin PBXSourcesBuildPhase section */
		EEBAF4C826447AD000FE1B66 /* Sources */ = {
			isa = PBXSourcesBuildPhase;
			buildActionMask = 2147483647;
			files = (
				EEBAF4D426447AD000FE1B66 /* ViewController.swift in Sources */,
				EEBAF4D026447AD000FE1B66 /* AppDelegate.swift in Sources */,
				EEBAF4D226447AD000FE1B66 /* SceneDelegate.swift in Sources */,
			);
			runOnlyForDeploymentPostprocessing = 0;
		};
/* End PBXSourcesBuildPhase section */

/* Begin PBXVariantGroup section */
		EEBAF4D526447AD000FE1B66 /* Main.storyboard */ = {
			isa = PBXVariantGroup;
			children = (
				EEBAF4D626447AD000FE1B66 /* Base */,
			);
			name = Main.storyboard;
			sourceTree = "<group>";
		};
		EEBAF4DA26447AD100FE1B66 /* LaunchScreen.storyboard */ = {
			isa = PBXVariantGroup;
			children = (
				EEBAF4DB26447AD100FE1B66 /* Base */,
			);
			name = LaunchScreen.storyboard;
			sourceTree = "<group>";
		};
/* End PBXVariantGroup section */

/* Begin XCBuildConfiguration section */
		EEBAF4DE26447AD100FE1B66 /* Debug */ = {
			isa = XCBuildConfiguration;
			buildSettings = {
				ALWAYS_SEARCH_USER_PATHS = NO;
				CLANG_ANALYZER_NONNULL = YES;
				CLANG_ANALYZER_NUMBER_OBJECT_CONVERSION = YES_AGGRESSIVE;
				CLANG_CXX_LANGUAGE_STANDARD = "gnu++14";
				CLANG_CXX_LIBRARY = "libc++";
				CLANG_ENABLE_MODULES = YES;
				CLANG_ENABLE_OBJC_ARC = YES;
				CLANG_ENABLE_OBJC_WEAK = YES;
				CLANG_WARN_BLOCK_CAPTURE_AUTORELEASING = YES;
				CLANG_WARN_BOOL_CONVERSION = YES;
				CLANG_WARN_COMMA = YES;
				CLANG_WARN_CONSTANT_CONVERSION = YES;
				CLANG_WARN_DEPRECATED_OBJC_IMPLEMENTATIONS = YES;
				CLANG_WARN_DIRECT_OBJC_ISA_USAGE = YES_ERROR;
				CLANG_WARN_DOCUMENTATION_COMMENTS = YES;
				CLANG_WARN_EMPTY_BODY = YES;
				CLANG_WARN_ENUM_CONVERSION = YES;
				CLANG_WARN_INFINITE_RECURSION = YES;
				CLANG_WARN_INT_CONVERSION = YES;
				CLANG_WARN_NON_LITERAL_NULL_CONVERSION = YES;
				CLANG_WARN_OBJC_IMPLICIT_RETAIN_SELF = YES;
				CLANG_WARN_OBJC_LITERAL_CONVERSION = YES;
				CLANG_WARN_OBJC_ROOT_CLASS = YES_ERROR;
				CLANG_WARN_QUOTED_INCLUDE_IN_FRAMEWORK_HEADER = YES;
				CLANG_WARN_RANGE_LOOP_ANALYSIS = YES;
				CLANG_WARN_STRICT_PROTOTYPES = YES;
				CLANG_WARN_SUSPICIOUS_MOVE = YES;
				CLANG_WARN_UNGUARDED_AVAILABILITY = YES_AGGRESSIVE;
				CLANG_WARN_UNREACHABLE_CODE = YES;
				CLANG_WARN__DUPLICATE_METHOD_MATCH = YES;
				COPY_PHASE_STRIP = NO;
				DEBUG_INFORMATION_FORMAT = dwarf;
				ENABLE_STRICT_OBJC_MSGSEND = YES;
				ENABLE_TESTABILITY = YES;
				GCC_C_LANGUAGE_STANDARD = gnu11;
				GCC_DYNAMIC_NO_PIC = NO;
				GCC_NO_COMMON_BLOCKS = YES;
				GCC_OPTIMIZATION_LEVEL = 0;
				GCC_PREPROCESSOR_DEFINITIONS = (
					"DEBUG=1",
					"$(inherited)",
				);
				GCC_WARN_64_TO_32_BIT_CONVERSION = YES;
				GCC_WARN_ABOUT_RETURN_TYPE = YES_ERROR;
				GCC_WARN_UNDECLARED_SELECTOR = YES;
				GCC_WARN_UNINITIALIZED_AUTOS = YES_AGGRESSIVE;
				GCC_WARN_UNUSED_FUNCTION = YES;
				GCC_WARN_UNUSED_VARIABLE = YES;
				IPHONEOS_DEPLOYMENT_TARGET = 14.4;
				MTL_ENABLE_DEBUG_INFO = INCLUDE_SOURCE;
				MTL_FAST_MATH = YES;
				ONLY_ACTIVE_ARCH = YES;
				SDKROOT = iphoneos;
				SWIFT_ACTIVE_COMPILATION_CONDITIONS = DEBUG;
				SWIFT_OPTIMIZATION_LEVEL = "-Onone";
			};
			name = Debug;
		};
		EEBAF4DF26447AD100FE1B66 /* Release */ = {
			isa = XCBuildConfiguration;
			buildSettings = {
				ALWAYS_SEARCH_USER_PATHS = NO;
				CLANG_ANALYZER_NONNULL = YES;
				CLANG_ANALYZER_NUMBER_OBJECT_CONVERSION = YES_AGGRESSIVE;
				CLANG_CXX_LANGUAGE_STANDARD = "gnu++14";
				CLANG_CXX_LIBRARY = "libc++";
				CLANG_ENABLE_MODULES = YES;
				CLANG_ENABLE_OBJC_ARC = YES;
				CLANG_ENABLE_OBJC_WEAK = YES;
				CLANG_WARN_BLOCK_CAPTURE_AUTORELEASING = YES;
				CLANG_WARN_BOOL_CONVERSION = YES;
				CLANG_WARN_COMMA = YES;
				CLANG_WARN_CONSTANT_CONVERSION = YES;
				CLANG_WARN_DEPRECATED_OBJC_IMPLEMENTATIONS = YES;
				CLANG_WARN_DIRECT_OBJC_ISA_USAGE = YES_ERROR;
				CLANG_WARN_DOCUMENTATION_COMMENTS = YES;
				CLANG_WARN_EMPTY_BODY = YES;
				CLANG_WARN_ENUM_CONVERSION = YES;
				CLANG_WARN_INFINITE_RECURSION = YES;
				CLANG_WARN_INT_CONVERSION = YES;
				CLANG_WARN_NON_LITERAL_NULL_CONVERSION = YES;
				CLANG_WARN_OBJC_IMPLICIT_RETAIN_SELF = YES;
				CLANG_WARN_OBJC_LITERAL_CONVERSION = YES;
				CLANG_WARN_OBJC_ROOT_CLASS = YES_ERROR;
				CLANG_WARN_QUOTED_INCLUDE_IN_FRAMEWORK_HEADER = YES;
				CLANG_WARN_RANGE_LOOP_ANALYSIS = YES;
				CLANG_WARN_STRICT_PROTOTYPES = YES;
				CLANG_WARN_SUSPICIOUS_MOVE = YES;
				CLANG_WARN_UNGUARDED_AVAILABILITY = YES_AGGRESSIVE;
				CLANG_WARN_UNREACHABLE_CODE = YES;
				CLANG_WARN__DUPLICATE_METHOD_MATCH = YES;
				COPY_PHASE_STRIP = NO;
				DEBUG_INFORMATION_FORMAT = "dwarf-with-dsym";
				ENABLE_NS_ASSERTIONS = NO;
				ENABLE_STRICT_OBJC_MSGSEND = YES;
				GCC_C_LANGUAGE_STANDARD = gnu11;
				GCC_NO_COMMON_BLOCKS = YES;
				GCC_WARN_64_TO_32_BIT_CONVERSION = YES;
				GCC_WARN_ABOUT_RETURN_TYPE = YES_ERROR;
				GCC_WARN_UNDECLARED_SELECTOR = YES;
				GCC_WARN_UNINITIALIZED_AUTOS = YES_AGGRESSIVE;
				GCC_WARN_UNUSED_FUNCTION = YES;
				GCC_WARN_UNUSED_VARIABLE = YES;
				IPHONEOS_DEPLOYMENT_TARGET = 14.4;
				MTL_ENABLE_DEBUG_INFO = NO;
				MTL_FAST_MATH = YES;
				SDKROOT = iphoneos;
				SWIFT_COMPILATION_MODE = wholemodule;
				SWIFT_OPTIMIZATION_LEVEL = "-O";
				VALIDATE_PRODUCT = YES;
			};
			name = Release;
		};
		EEBAF4E126447AD100FE1B66 /* Debug */ = {
			isa = XCBuildConfiguration;
			buildSettings = {
				ASSETCATALOG_COMPILER_APPICON_NAME = AppIcon;
				ASSETCATALOG_COMPILER_GLOBAL_ACCENT_COLOR_NAME = AccentColor;
				CODE_SIGN_STYLE = Automatic;
				DEVELOPMENT_TEAM = PJQ548J7VL;
				INFOPLIST_FILE = RGBtoHEXConventer/Info.plist;
				LD_RUNPATH_SEARCH_PATHS = (
					"$(inherited)",
					"@executable_path/Frameworks",
				);
				PRODUCT_BUNDLE_IDENTIFIER = com.saidecekic.RGBtoHEXConventer;
				PRODUCT_NAME = "$(TARGET_NAME)";
				SWIFT_VERSION = 5.0;
				TARGETED_DEVICE_FAMILY = "1,2";
			};
			name = Debug;
		};
		EEBAF4E226447AD100FE1B66 /* Release */ = {
			isa = XCBuildConfiguration;
			buildSettings = {
				ASSETCATALOG_COMPILER_APPICON_NAME = AppIcon;
				ASSETCATALOG_COMPILER_GLOBAL_ACCENT_COLOR_NAME = AccentColor;
				CODE_SIGN_STYLE = Automatic;
				DEVELOPMENT_TEAM = PJQ548J7VL;
				INFOPLIST_FILE = RGBtoHEXConventer/Info.plist;
				LD_RUNPATH_SEARCH_PATHS = (
					"$(inherited)",
					"@executable_path/Frameworks",
				);
				PRODUCT_BUNDLE_IDENTIFIER = com.saidecekic.RGBtoHEXConventer;
				PRODUCT_NAME = "$(TARGET_NAME)";
				SWIFT_VERSION = 5.0;
				TARGETED_DEVICE_FAMILY = "1,2";
			};
			name = Release;
		};
/* End XCBuildConfiguration section */

/* Begin XCConfigurationList section */
		EEBAF4C726447AD000FE1B66 /* Build configuration list for PBXProject "RGBtoHEXConventer" */ = {
			isa = XCConfigurationList;
			buildConfigurations = (
				EEBAF4DE26447AD100FE1B66 /* Debug */,
				EEBAF4DF26447AD100FE1B66 /* Release */,
			);
			defaultConfigurationIsVisible = 0;
			defaultConfigurationName = Release;
		};
		EEBAF4E026447AD100FE1B66 /* Build configuration list for PBXNativeTarget "RGBtoHEXConventer" */ = {
			isa = XCConfigurationList;
			buildConfigurations = (
				EEBAF4E126447AD100FE1B66 /* Debug */,
				EEBAF4E226447AD100FE1B66 /* Release */,
			);
			defaultConfigurationIsVisible = 0;
			defaultConfigurationName = Release;
		};
/* End XCConfigurationList section */
	};
	rootObject = EEBAF4C426447AD000FE1B66 /* Project object */;
}
